// !$*UTF8*$!
{
	archiveVersion = 1;
	classes = {
	};
	objectVersion = 55;
	objects = {

/* Begin PBXBuildFile section */
		7530981668B96618EA075FA8 /* Pods_ToDoList.framework in Frameworks */ = {isa = PBXBuildFile; fileRef = 1198BD0762739A77BE92763B /* Pods_ToDoList.framework */; };
		D3026B8727C26814007BDF24 /* Assets.xcassets in Resources */ = {isa = PBXBuildFile; fileRef = D3026B6127C26814007BDF24 /* Assets.xcassets */; };
		D3026B8827C26814007BDF24 /* LaunchScreen.storyboard in Resources */ = {isa = PBXBuildFile; fileRef = D3026B6227C26814007BDF24 /* LaunchScreen.storyboard */; };
		D3026B8A27C26814007BDF24 /* Group.swift in Sources */ = {isa = PBXBuildFile; fileRef = D3026B6727C26814007BDF24 /* Group.swift */; };
		D3026B8B27C26814007BDF24 /* Task.swift in Sources */ = {isa = PBXBuildFile; fileRef = D3026B6827C26814007BDF24 /* Task.swift */; };
		D3026B8C27C26814007BDF24 /* TaskCell.swift in Sources */ = {isa = PBXBuildFile; fileRef = D3026B6B27C26814007BDF24 /* TaskCell.swift */; };
		D3026B8D27C26814007BDF24 /* TaskCell.xib in Resources */ = {isa = PBXBuildFile; fileRef = D3026B6C27C26814007BDF24 /* TaskCell.xib */; };
		D3026B8E27C26814007BDF24 /* ToDayViewController.swift in Sources */ = {isa = PBXBuildFile; fileRef = D3026B6E27C26814007BDF24 /* ToDayViewController.swift */; };
		D3026B8F27C26814007BDF24 /* SearchViewController.swift in Sources */ = {isa = PBXBuildFile; fileRef = D3026B6F27C26814007BDF24 /* SearchViewController.swift */; };
		D3026B9027C26814007BDF24 /* InBoxViewController.swift in Sources */ = {isa = PBXBuildFile; fileRef = D3026B7127C26814007BDF24 /* InBoxViewController.swift */; };
		D3026B9127C26814007BDF24 /* SelectDateViewController.swift in Sources */ = {isa = PBXBuildFile; fileRef = D3026B7227C26814007BDF24 /* SelectDateViewController.swift */; };
		D3026B9227C26814007BDF24 /* DetailTaskViewController.swift in Sources */ = {isa = PBXBuildFile; fileRef = D3026B7327C26814007BDF24 /* DetailTaskViewController.swift */; };
		D3026B9427C26814007BDF24 /* SelectDateRouting.swift in Sources */ = {isa = PBXBuildFile; fileRef = D3026B7527C26814007BDF24 /* SelectDateRouting.swift */; };
		D3026B9527C26814007BDF24 /* AddTaskViewController.xib in Resources */ = {isa = PBXBuildFile; fileRef = D3026B7627C26814007BDF24 /* AddTaskViewController.xib */; };
		D3026B9627C26814007BDF24 /* Main.storyboard in Resources */ = {isa = PBXBuildFile; fileRef = D3026B7727C26814007BDF24 /* Main.storyboard */; };
		D3026B9727C26814007BDF24 /* AddTaskViewController.swift in Sources */ = {isa = PBXBuildFile; fileRef = D3026B7927C26814007BDF24 /* AddTaskViewController.swift */; };
		D3026B9927C26814007BDF24 /* SelectDateViewController.xib in Resources */ = {isa = PBXBuildFile; fileRef = D3026B7B27C26814007BDF24 /* SelectDateViewController.xib */; };
		D3026B9A27C26814007BDF24 /* TaskListViewController.swift in Sources */ = {isa = PBXBuildFile; fileRef = D3026B7C27C26814007BDF24 /* TaskListViewController.swift */; };
		D3026B9C27C26814007BDF24 /* ConvertDate.swift in Sources */ = {isa = PBXBuildFile; fileRef = D3026B7F27C26814007BDF24 /* ConvertDate.swift */; };
		D3026B9D27C26814007BDF24 /* TaskService.swift in Sources */ = {isa = PBXBuildFile; fileRef = D3026B8027C26814007BDF24 /* TaskService.swift */; };
		D3026B9E27C26814007BDF24 /* AppDelegate.swift in Sources */ = {isa = PBXBuildFile; fileRef = D3026B8227C26814007BDF24 /* AppDelegate.swift */; };
		D3026B9F27C26814007BDF24 /* SceneDelegate.swift in Sources */ = {isa = PBXBuildFile; fileRef = D3026B8327C26814007BDF24 /* SceneDelegate.swift */; };
		D318E83B291A663000C89C48 /* AppDI.swift in Sources */ = {isa = PBXBuildFile; fileRef = D318E83A291A663000C89C48 /* AppDI.swift */; };
		D318E842291A6B7F00C89C48 /* InBoxModuleBuilder.swift in Sources */ = {isa = PBXBuildFile; fileRef = D318E841291A6B7E00C89C48 /* InBoxModuleBuilder.swift */; };
		D318E846291A753100C89C48 /* ToDayModuleBuilder.swift in Sources */ = {isa = PBXBuildFile; fileRef = D318E845291A753000C89C48 /* ToDayModuleBuilder.swift */; };
		D318E848291A76AE00C89C48 /* TaskListModuleBuilder.swift in Sources */ = {isa = PBXBuildFile; fileRef = D318E847291A76AE00C89C48 /* TaskListModuleBuilder.swift */; };
		D318E84A291A772000C89C48 /* SearchModuleBuilder.swift in Sources */ = {isa = PBXBuildFile; fileRef = D318E849291A772000C89C48 /* SearchModuleBuilder.swift */; };
		D318E84E291A8FD800C89C48 /* DetailTaskModelBuilder.swift in Sources */ = {isa = PBXBuildFile; fileRef = D318E84D291A8FD800C89C48 /* DetailTaskModelBuilder.swift */; };
		D318E850291A94EC00C89C48 /* AddTaskModuleBuilder.swift in Sources */ = {isa = PBXBuildFile; fileRef = D318E84F291A94EC00C89C48 /* AddTaskModuleBuilder.swift */; };
		D318E852291A964A00C89C48 /* SelectDataModuleBuilder.swift in Sources */ = {isa = PBXBuildFile; fileRef = D318E851291A964A00C89C48 /* SelectDataModuleBuilder.swift */; };
		D320AC7A27CE2256002B16B5 /* Data.json in Resources */ = {isa = PBXBuildFile; fileRef = D320AC7827CE2255002B16B5 /* Data.json */; };
		D320AC7C27CE22D1002B16B5 /* Constants.swift in Sources */ = {isa = PBXBuildFile; fileRef = D320AC7B27CE22D0002B16B5 /* Constants.swift */; };
		D34DE544292E20B6001549C4 /* InBoxRouter.swift in Sources */ = {isa = PBXBuildFile; fileRef = D34DE543292E20B6001549C4 /* InBoxRouter.swift */; };
		D34DE546292E20BE001549C4 /* AddTaskRouter.swift in Sources */ = {isa = PBXBuildFile; fileRef = D34DE545292E20BE001549C4 /* AddTaskRouter.swift */; };
		D34DE554292E5D2F001549C4 /* AppCoordinatorImpl.swift in Sources */ = {isa = PBXBuildFile; fileRef = D34DE553292E5D2F001549C4 /* AppCoordinatorImpl.swift */; };
		D34DE55C292E955A001549C4 /* AppRootDependency.swift in Sources */ = {isa = PBXBuildFile; fileRef = D34DE55B292E955A001549C4 /* AppRootDependency.swift */; };
		D34DE55F292E9C2B001549C4 /* Coordinator.swift in Sources */ = {isa = PBXBuildFile; fileRef = D34DE55E292E9C2B001549C4 /* Coordinator.swift */; };
		D356F6A727DF7ACC00604D34 /* StorageHelper.swift in Sources */ = {isa = PBXBuildFile; fileRef = D356F6A627DF7ACC00604D34 /* StorageHelper.swift */; };
		D356F6A927DF7AE100604D34 /* FileService.swift in Sources */ = {isa = PBXBuildFile; fileRef = D356F6A827DF7AE100604D34 /* FileService.swift */; };
		D36FC5B627F719F3008F87A9 /* NetworkService.swift in Sources */ = {isa = PBXBuildFile; fileRef = D36FC5B527F719F3008F87A9 /* NetworkService.swift */; };
		D36FC5B827F71A5D008F87A9 /* DatabaseTask.swift in Sources */ = {isa = PBXBuildFile; fileRef = D36FC5B727F71A5D008F87A9 /* DatabaseTask.swift */; };
		D370E1EF291CE5BA0090DF47 /* ModuleBuilder.swift in Sources */ = {isa = PBXBuildFile; fileRef = D370E1EE291CE5BA0090DF47 /* ModuleBuilder.swift */; };
		D393FFCA293FB3970057A8DC /* InBoxCoordinator.swift in Sources */ = {isa = PBXBuildFile; fileRef = D393FFC9293FB3970057A8DC /* InBoxCoordinator.swift */; };
		D3B0949628C28ACB00A2FD72 /* CoderJSON.swift in Sources */ = {isa = PBXBuildFile; fileRef = D3B0949528C28ACB00A2FD72 /* CoderJSON.swift */; };
		D3BC6D6328FFFA43002DDC8D /* TaskRepositoryImpl.swift in Sources */ = {isa = PBXBuildFile; fileRef = D3BC6D6228FFFA43002DDC8D /* TaskRepositoryImpl.swift */; };
		D3BC6D6B28FFFEAC002DDC8D /* TaskRepository.swift in Sources */ = {isa = PBXBuildFile; fileRef = D3BC6D6A28FFFEAC002DDC8D /* TaskRepository.swift */; };
		D3BC6D8729015B61002DDC8D /* LocalStorage.swift in Sources */ = {isa = PBXBuildFile; fileRef = D3BC6D8629015B61002DDC8D /* LocalStorage.swift */; };
/* End PBXBuildFile section */

/* Begin PBXFileReference section */
		1198BD0762739A77BE92763B /* Pods_ToDoList.framework */ = {isa = PBXFileReference; explicitFileType = wrapper.framework; includeInIndex = 0; path = Pods_ToDoList.framework; sourceTree = BUILT_PRODUCTS_DIR; };
		C481F81795754EC5FD9F3EA8 /* Pods-ToDoList.debug.xcconfig */ = {isa = PBXFileReference; includeInIndex = 1; lastKnownFileType = text.xcconfig; name = "Pods-ToDoList.debug.xcconfig"; path = "Target Support Files/Pods-ToDoList/Pods-ToDoList.debug.xcconfig"; sourceTree = "<group>"; };
		D3026B6127C26814007BDF24 /* Assets.xcassets */ = {isa = PBXFileReference; lastKnownFileType = folder.assetcatalog; path = Assets.xcassets; sourceTree = "<group>"; };
		D3026B6327C26814007BDF24 /* Base */ = {isa = PBXFileReference; lastKnownFileType = file.storyboard; name = Base; path = Base.lproj/LaunchScreen.storyboard; sourceTree = "<group>"; };
		D3026B6427C26814007BDF24 /* InfoPro.plist */ = {isa = PBXFileReference; fileEncoding = 4; lastKnownFileType = text.plist.xml; path = InfoPro.plist; sourceTree = "<group>"; };
		D3026B6727C26814007BDF24 /* Group.swift */ = {isa = PBXFileReference; fileEncoding = 4; lastKnownFileType = sourcecode.swift; path = Group.swift; sourceTree = "<group>"; };
		D3026B6827C26814007BDF24 /* Task.swift */ = {isa = PBXFileReference; fileEncoding = 4; lastKnownFileType = sourcecode.swift; path = Task.swift; sourceTree = "<group>"; };
		D3026B6B27C26814007BDF24 /* TaskCell.swift */ = {isa = PBXFileReference; fileEncoding = 4; lastKnownFileType = sourcecode.swift; path = TaskCell.swift; sourceTree = "<group>"; };
		D3026B6C27C26814007BDF24 /* TaskCell.xib */ = {isa = PBXFileReference; fileEncoding = 4; lastKnownFileType = file.xib; path = TaskCell.xib; sourceTree = "<group>"; };
		D3026B6E27C26814007BDF24 /* ToDayViewController.swift */ = {isa = PBXFileReference; fileEncoding = 4; lastKnownFileType = sourcecode.swift; path = ToDayViewController.swift; sourceTree = "<group>"; };
		D3026B6F27C26814007BDF24 /* SearchViewController.swift */ = {isa = PBXFileReference; fileEncoding = 4; lastKnownFileType = sourcecode.swift; path = SearchViewController.swift; sourceTree = "<group>"; };
		D3026B7127C26814007BDF24 /* InBoxViewController.swift */ = {isa = PBXFileReference; fileEncoding = 4; lastKnownFileType = sourcecode.swift; path = InBoxViewController.swift; sourceTree = "<group>"; };
		D3026B7227C26814007BDF24 /* SelectDateViewController.swift */ = {isa = PBXFileReference; fileEncoding = 4; lastKnownFileType = sourcecode.swift; path = SelectDateViewController.swift; sourceTree = "<group>"; };
		D3026B7327C26814007BDF24 /* DetailTaskViewController.swift */ = {isa = PBXFileReference; fileEncoding = 4; lastKnownFileType = sourcecode.swift; path = DetailTaskViewController.swift; sourceTree = "<group>"; };
		D3026B7527C26814007BDF24 /* SelectDateRouting.swift */ = {isa = PBXFileReference; fileEncoding = 4; lastKnownFileType = sourcecode.swift; path = SelectDateRouting.swift; sourceTree = "<group>"; };
		D3026B7627C26814007BDF24 /* AddTaskViewController.xib */ = {isa = PBXFileReference; fileEncoding = 4; lastKnownFileType = file.xib; path = AddTaskViewController.xib; sourceTree = "<group>"; };
		D3026B7827C26814007BDF24 /* Base */ = {isa = PBXFileReference; lastKnownFileType = file.storyboard; name = Base; path = Base.lproj/Main.storyboard; sourceTree = "<group>"; };
		D3026B7927C26814007BDF24 /* AddTaskViewController.swift */ = {isa = PBXFileReference; fileEncoding = 4; lastKnownFileType = sourcecode.swift; path = AddTaskViewController.swift; sourceTree = "<group>"; };
		D3026B7B27C26814007BDF24 /* SelectDateViewController.xib */ = {isa = PBXFileReference; fileEncoding = 4; lastKnownFileType = file.xib; path = SelectDateViewController.xib; sourceTree = "<group>"; };
		D3026B7C27C26814007BDF24 /* TaskListViewController.swift */ = {isa = PBXFileReference; fileEncoding = 4; lastKnownFileType = sourcecode.swift; path = TaskListViewController.swift; sourceTree = "<group>"; };
		D3026B7F27C26814007BDF24 /* ConvertDate.swift */ = {isa = PBXFileReference; fileEncoding = 4; lastKnownFileType = sourcecode.swift; path = ConvertDate.swift; sourceTree = "<group>"; };
		D3026B8027C26814007BDF24 /* TaskService.swift */ = {isa = PBXFileReference; fileEncoding = 4; lastKnownFileType = sourcecode.swift; path = TaskService.swift; sourceTree = "<group>"; };
		D3026B8227C26814007BDF24 /* AppDelegate.swift */ = {isa = PBXFileReference; fileEncoding = 4; lastKnownFileType = sourcecode.swift; path = AppDelegate.swift; sourceTree = "<group>"; };
		D3026B8327C26814007BDF24 /* SceneDelegate.swift */ = {isa = PBXFileReference; fileEncoding = 4; lastKnownFileType = sourcecode.swift; path = SceneDelegate.swift; sourceTree = "<group>"; };
		D3026B8427C26814007BDF24 /* ToDoList.xcodeproj */ = {isa = PBXFileReference; lastKnownFileType = "wrapper.pb-project"; path = ToDoList.xcodeproj; sourceTree = "<group>"; };
		D318E83A291A663000C89C48 /* AppDI.swift */ = {isa = PBXFileReference; lastKnownFileType = sourcecode.swift; path = AppDI.swift; sourceTree = "<group>"; };
		D318E841291A6B7E00C89C48 /* InBoxModuleBuilder.swift */ = {isa = PBXFileReference; lastKnownFileType = sourcecode.swift; path = InBoxModuleBuilder.swift; sourceTree = "<group>"; };
		D318E845291A753000C89C48 /* ToDayModuleBuilder.swift */ = {isa = PBXFileReference; lastKnownFileType = sourcecode.swift; path = ToDayModuleBuilder.swift; sourceTree = "<group>"; };
		D318E847291A76AE00C89C48 /* TaskListModuleBuilder.swift */ = {isa = PBXFileReference; lastKnownFileType = sourcecode.swift; path = TaskListModuleBuilder.swift; sourceTree = "<group>"; };
		D318E849291A772000C89C48 /* SearchModuleBuilder.swift */ = {isa = PBXFileReference; lastKnownFileType = sourcecode.swift; path = SearchModuleBuilder.swift; sourceTree = "<group>"; };
		D318E84D291A8FD800C89C48 /* DetailTaskModelBuilder.swift */ = {isa = PBXFileReference; lastKnownFileType = sourcecode.swift; path = DetailTaskModelBuilder.swift; sourceTree = "<group>"; };
		D318E84F291A94EC00C89C48 /* AddTaskModuleBuilder.swift */ = {isa = PBXFileReference; lastKnownFileType = sourcecode.swift; path = AddTaskModuleBuilder.swift; sourceTree = "<group>"; };
		D318E851291A964A00C89C48 /* SelectDataModuleBuilder.swift */ = {isa = PBXFileReference; lastKnownFileType = sourcecode.swift; path = SelectDataModuleBuilder.swift; sourceTree = "<group>"; };
		D320AC7827CE2255002B16B5 /* Data.json */ = {isa = PBXFileReference; fileEncoding = 4; lastKnownFileType = text.json; path = Data.json; sourceTree = "<group>"; };
		D320AC7B27CE22D0002B16B5 /* Constants.swift */ = {isa = PBXFileReference; lastKnownFileType = sourcecode.swift; path = Constants.swift; sourceTree = "<group>"; };
		D34DE543292E20B6001549C4 /* InBoxRouter.swift */ = {isa = PBXFileReference; fileEncoding = 4; lastKnownFileType = sourcecode.swift; path = InBoxRouter.swift; sourceTree = "<group>"; };
		D34DE545292E20BE001549C4 /* AddTaskRouter.swift */ = {isa = PBXFileReference; fileEncoding = 4; lastKnownFileType = sourcecode.swift; path = AddTaskRouter.swift; sourceTree = "<group>"; };
		D34DE553292E5D2F001549C4 /* AppCoordinatorImpl.swift */ = {isa = PBXFileReference; lastKnownFileType = sourcecode.swift; path = AppCoordinatorImpl.swift; sourceTree = "<group>"; };
		D34DE55B292E955A001549C4 /* AppRootDependency.swift */ = {isa = PBXFileReference; lastKnownFileType = sourcecode.swift; path = AppRootDependency.swift; sourceTree = "<group>"; };
		D34DE55E292E9C2B001549C4 /* Coordinator.swift */ = {isa = PBXFileReference; lastKnownFileType = sourcecode.swift; path = Coordinator.swift; sourceTree = "<group>"; };
		D356F6A627DF7ACC00604D34 /* StorageHelper.swift */ = {isa = PBXFileReference; lastKnownFileType = sourcecode.swift; path = StorageHelper.swift; sourceTree = "<group>"; };
		D356F6A827DF7AE100604D34 /* FileService.swift */ = {isa = PBXFileReference; lastKnownFileType = sourcecode.swift; path = FileService.swift; sourceTree = "<group>"; };
		D36FC5B527F719F3008F87A9 /* NetworkService.swift */ = {isa = PBXFileReference; lastKnownFileType = sourcecode.swift; path = NetworkService.swift; sourceTree = "<group>"; };
		D36FC5B727F71A5D008F87A9 /* DatabaseTask.swift */ = {isa = PBXFileReference; lastKnownFileType = sourcecode.swift; path = DatabaseTask.swift; sourceTree = "<group>"; };
		D370E1EE291CE5BA0090DF47 /* ModuleBuilder.swift */ = {isa = PBXFileReference; lastKnownFileType = sourcecode.swift; path = ModuleBuilder.swift; sourceTree = "<group>"; };
		D393FFC9293FB3970057A8DC /* InBoxCoordinator.swift */ = {isa = PBXFileReference; lastKnownFileType = sourcecode.swift; path = InBoxCoordinator.swift; sourceTree = "<group>"; };
		D3B0949528C28ACB00A2FD72 /* CoderJSON.swift */ = {isa = PBXFileReference; lastKnownFileType = sourcecode.swift; path = CoderJSON.swift; sourceTree = "<group>"; };
		D3BC6D6228FFFA43002DDC8D /* TaskRepositoryImpl.swift */ = {isa = PBXFileReference; lastKnownFileType = sourcecode.swift; path = TaskRepositoryImpl.swift; sourceTree = "<group>"; };
		D3BC6D6A28FFFEAC002DDC8D /* TaskRepository.swift */ = {isa = PBXFileReference; lastKnownFileType = sourcecode.swift; path = TaskRepository.swift; sourceTree = "<group>"; };
		D3BC6D8629015B61002DDC8D /* LocalStorage.swift */ = {isa = PBXFileReference; lastKnownFileType = sourcecode.swift; path = LocalStorage.swift; sourceTree = "<group>"; };
		D3C53D3627BA5396000B6E26 /* ToDoList.app */ = {isa = PBXFileReference; explicitFileType = wrapper.application; includeInIndex = 0; path = ToDoList.app; sourceTree = BUILT_PRODUCTS_DIR; };
		FDD4244FF57F7028DD205125 /* Pods-ToDoList.release.xcconfig */ = {isa = PBXFileReference; includeInIndex = 1; lastKnownFileType = text.xcconfig; name = "Pods-ToDoList.release.xcconfig"; path = "Target Support Files/Pods-ToDoList/Pods-ToDoList.release.xcconfig"; sourceTree = "<group>"; };
/* End PBXFileReference section */

/* Begin PBXFrameworksBuildPhase section */
		D3C53D3327BA5396000B6E26 /* Frameworks */ = {
			isa = PBXFrameworksBuildPhase;
			buildActionMask = 2147483647;
			files = (
				7530981668B96618EA075FA8 /* Pods_ToDoList.framework in Frameworks */,
			);
			runOnlyForDeploymentPostprocessing = 0;
		};
/* End PBXFrameworksBuildPhase section */

/* Begin PBXGroup section */
		4FBBCE4F98194A787E4CD366 /* Frameworks */ = {
			isa = PBXGroup;
			children = (
				1198BD0762739A77BE92763B /* Pods_ToDoList.framework */,
			);
			name = Frameworks;
			sourceTree = "<group>";
		};
		8559073F79FDF57F94742171 /* Pods */ = {
			isa = PBXGroup;
			children = (
				C481F81795754EC5FD9F3EA8 /* Pods-ToDoList.debug.xcconfig */,
				FDD4244FF57F7028DD205125 /* Pods-ToDoList.release.xcconfig */,
			);
			path = Pods;
			sourceTree = "<group>";
		};
		D3026B5F27C26814007BDF24 /* ToDoList */ = {
			isa = PBXGroup;
			children = (
				D3026B6527C26814007BDF24 /* Sources */,
				D3026B6027C26814007BDF24 /* Resources */,
				D3026B8127C26814007BDF24 /* Application */,
				D3026B8427C26814007BDF24 /* ToDoList.xcodeproj */,
			);
			name = ToDoList;
			sourceTree = "<group>";
		};
		D3026B6027C26814007BDF24 /* Resources */ = {
			isa = PBXGroup;
			children = (
				D320AC7827CE2255002B16B5 /* Data.json */,
				D3026B6127C26814007BDF24 /* Assets.xcassets */,
				D3026B6227C26814007BDF24 /* LaunchScreen.storyboard */,
				D3026B6427C26814007BDF24 /* InfoPro.plist */,
			);
			path = Resources;
			sourceTree = "<group>";
		};
		D3026B6527C26814007BDF24 /* Sources */ = {
			isa = PBXGroup;
			children = (
				D318E839291A661700C89C48 /* DI */,
				D318E833291A509500C89C48 /* Presentation */,
				D3BC6D6928FFFE8F002DDC8D /* Domain */,
				D3BC6D5B28FFE42E002DDC8D /* Data */,
				D318E83F291A6AA900C89C48 /* Core */,
				D3D95B7A27EB380C000F7715 /* Utils */,
				D320AC7B27CE22D0002B16B5 /* Constants.swift */,
			);
			path = Sources;
			sourceTree = "<group>";
		};
		D3026B6927C26814007BDF24 /* View */ = {
			isa = PBXGroup;
			children = (
				D3026B6A27C26814007BDF24 /* Cell */,
			);
			path = View;
			sourceTree = "<group>";
		};
		D3026B6A27C26814007BDF24 /* Cell */ = {
			isa = PBXGroup;
			children = (
				D3026B6B27C26814007BDF24 /* TaskCell.swift */,
				D3026B6C27C26814007BDF24 /* TaskCell.xib */,
			);
			path = Cell;
			sourceTree = "<group>";
		};
		D3026B6D27C26814007BDF24 /* Flows */ = {
			isa = PBXGroup;
			children = (
				D393FFC9293FB3970057A8DC /* InBoxCoordinator.swift */,
				D318E834291A512400C89C48 /* InBox */,
				D318E83C291A696600C89C48 /* ToDay */,
				D318E83D291A69B900C89C48 /* TaskList */,
				D318E83E291A69C500C89C48 /* Search */,
				D318E836291A523500C89C48 /* Detail */,
				D318E835291A520900C89C48 /* Add */,
				D318E837291A524B00C89C48 /* SelectDate */,
			);
			path = Flows;
			sourceTree = "<group>";
		};
		D3026B7E27C26814007BDF24 /* Services */ = {
			isa = PBXGroup;
			children = (
				D3026B8027C26814007BDF24 /* TaskService.swift */,
				D356F6A827DF7AE100604D34 /* FileService.swift */,
				D36FC5B527F719F3008F87A9 /* NetworkService.swift */,
			);
			path = Services;
			sourceTree = "<group>";
		};
		D3026B8127C26814007BDF24 /* Application */ = {
			isa = PBXGroup;
			children = (
				D3026B8227C26814007BDF24 /* AppDelegate.swift */,
				D3026B8327C26814007BDF24 /* SceneDelegate.swift */,
			);
			path = Application;
			sourceTree = "<group>";
		};
		D3026B8527C26814007BDF24 /* Products */ = {
			isa = PBXGroup;
			children = (
			);
			name = Products;
			sourceTree = "<group>";
		};
		D318E832291A4F1000C89C48 /* Repository */ = {
			isa = PBXGroup;
			children = (
				D3BC6D6A28FFFEAC002DDC8D /* TaskRepository.swift */,
			);
			path = Repository;
			sourceTree = "<group>";
		};
		D318E833291A509500C89C48 /* Presentation */ = {
			isa = PBXGroup;
			children = (
				D34DE55D292E9C1E001549C4 /* Base */,
				D3026B6D27C26814007BDF24 /* Flows */,
				D3026B6927C26814007BDF24 /* View */,
			);
			path = Presentation;
			sourceTree = "<group>";
		};
		D318E834291A512400C89C48 /* InBox */ = {
			isa = PBXGroup;
			children = (
				D3026B7127C26814007BDF24 /* InBoxViewController.swift */,
				D318E841291A6B7E00C89C48 /* InBoxModuleBuilder.swift */,
				D34DE543292E20B6001549C4 /* InBoxRouter.swift */,
			);
			path = InBox;
			sourceTree = "<group>";
		};
		D318E835291A520900C89C48 /* Add */ = {
			isa = PBXGroup;
			children = (
				D3026B7927C26814007BDF24 /* AddTaskViewController.swift */,
				D3026B7627C26814007BDF24 /* AddTaskViewController.xib */,
				D318E84F291A94EC00C89C48 /* AddTaskModuleBuilder.swift */,
				D34DE545292E20BE001549C4 /* AddTaskRouter.swift */,
			);
			path = Add;
			sourceTree = "<group>";
		};
		D318E836291A523500C89C48 /* Detail */ = {
			isa = PBXGroup;
			children = (
				D3026B7327C26814007BDF24 /* DetailTaskViewController.swift */,
				D3026B7727C26814007BDF24 /* Main.storyboard */,
				D318E84D291A8FD800C89C48 /* DetailTaskModelBuilder.swift */,
			);
			path = Detail;
			sourceTree = "<group>";
		};
		D318E837291A524B00C89C48 /* SelectDate */ = {
			isa = PBXGroup;
			children = (
				D3026B7227C26814007BDF24 /* SelectDateViewController.swift */,
				D3026B7B27C26814007BDF24 /* SelectDateViewController.xib */,
				D318E851291A964A00C89C48 /* SelectDataModuleBuilder.swift */,
				D3026B7527C26814007BDF24 /* SelectDateRouting.swift */,
			);
			path = SelectDate;
			sourceTree = "<group>";
		};
		D318E839291A661700C89C48 /* DI */ = {
			isa = PBXGroup;
			children = (
				D318E83A291A663000C89C48 /* AppDI.swift */,
				D34DE55B292E955A001549C4 /* AppRootDependency.swift */,
			);
			name = DI;
			sourceTree = "<group>";
		};
		D318E83C291A696600C89C48 /* ToDay */ = {
			isa = PBXGroup;
			children = (
				D3026B6E27C26814007BDF24 /* ToDayViewController.swift */,
				D318E845291A753000C89C48 /* ToDayModuleBuilder.swift */,
			);
			path = ToDay;
			sourceTree = "<group>";
		};
		D318E83D291A69B900C89C48 /* TaskList */ = {
			isa = PBXGroup;
			children = (
				D3026B7C27C26814007BDF24 /* TaskListViewController.swift */,
				D318E847291A76AE00C89C48 /* TaskListModuleBuilder.swift */,
			);
			path = TaskList;
			sourceTree = "<group>";
		};
		D318E83E291A69C500C89C48 /* Search */ = {
			isa = PBXGroup;
			children = (
				D3026B6F27C26814007BDF24 /* SearchViewController.swift */,
				D318E849291A772000C89C48 /* SearchModuleBuilder.swift */,
			);
			path = Search;
			sourceTree = "<group>";
		};
		D318E83F291A6AA900C89C48 /* Core */ = {
			isa = PBXGroup;
			children = (
				D356F6A627DF7ACC00604D34 /* StorageHelper.swift */,
				D36FC5B727F71A5D008F87A9 /* DatabaseTask.swift */,
				D370E1EE291CE5BA0090DF47 /* ModuleBuilder.swift */,
			);
			path = Core;
			sourceTree = "<group>";
		};
		D34DE55D292E9C1E001549C4 /* Base */ = {
			isa = PBXGroup;
			children = (
				D34DE55E292E9C2B001549C4 /* Coordinator.swift */,
				D34DE553292E5D2F001549C4 /* AppCoordinatorImpl.swift */,
			);
			path = Base;
			sourceTree = "<group>";
		};
		D3BC6D5B28FFE42E002DDC8D /* Data */ = {
			isa = PBXGroup;
			children = (
				D3BC6D5E28FFF969002DDC8D /* Repositories */,
				D3026B7E27C26814007BDF24 /* Services */,
			);
			path = Data;
			sourceTree = "<group>";
		};
		D3BC6D5E28FFF969002DDC8D /* Repositories */ = {
			isa = PBXGroup;
			children = (
				D3BC6D6228FFFA43002DDC8D /* TaskRepositoryImpl.swift */,
				D3BC6D8629015B61002DDC8D /* LocalStorage.swift */,
			);
			path = Repositories;
			sourceTree = "<group>";
		};
		D3BC6D6928FFFE8F002DDC8D /* Domain */ = {
			isa = PBXGroup;
			children = (
				D3BC6D6D28FFFFB8002DDC8D /* Entities */,
				D318E832291A4F1000C89C48 /* Repository */,
			);
			path = Domain;
			sourceTree = "<group>";
		};
		D3BC6D6D28FFFFB8002DDC8D /* Entities */ = {
			isa = PBXGroup;
			children = (
				D3026B6727C26814007BDF24 /* Group.swift */,
				D3026B6827C26814007BDF24 /* Task.swift */,
			);
			path = Entities;
			sourceTree = "<group>";
		};
		D3C53D2D27BA5396000B6E26 = {
			isa = PBXGroup;
			children = (
				D3026B5F27C26814007BDF24 /* ToDoList */,
				D3C53D3727BA5396000B6E26 /* Products */,
				8559073F79FDF57F94742171 /* Pods */,
				4FBBCE4F98194A787E4CD366 /* Frameworks */,
			);
			sourceTree = "<group>";
		};
		D3C53D3727BA5396000B6E26 /* Products */ = {
			isa = PBXGroup;
			children = (
				D3C53D3627BA5396000B6E26 /* ToDoList.app */,
			);
			name = Products;
			sourceTree = "<group>";
		};
		D3D95B7A27EB380C000F7715 /* Utils */ = {
			isa = PBXGroup;
			children = (
				D3026B7F27C26814007BDF24 /* ConvertDate.swift */,
				D3B0949528C28ACB00A2FD72 /* CoderJSON.swift */,
			);
			path = Utils;
			sourceTree = "<group>";
		};
/* End PBXGroup section */

/* Begin PBXNativeTarget section */
		D3C53D3527BA5396000B6E26 /* ToDoList */ = {
			isa = PBXNativeTarget;
			buildConfigurationList = D3C53D4A27BA5397000B6E26 /* Build configuration list for PBXNativeTarget "ToDoList" */;
			buildPhases = (
				0BFD9995AB4D25AF0E996A38 /* [CP] Check Pods Manifest.lock */,
				D3C53D3227BA5396000B6E26 /* Sources */,
				D3C53D3327BA5396000B6E26 /* Frameworks */,
				D3C53D3427BA5396000B6E26 /* Resources */,
				D3E7458B27C26C290005F421 /* ShellScript */,
			);
			buildRules = (
			);
			dependencies = (
			);
			name = ToDoList;
			productName = ToDoList;
			productReference = D3C53D3627BA5396000B6E26 /* ToDoList.app */;
			productType = "com.apple.product-type.application";
		};
/* End PBXNativeTarget section */

/* Begin PBXProject section */
		D3C53D2E27BA5396000B6E26 /* Project object */ = {
			isa = PBXProject;
			attributes = {
				BuildIndependentTargetsInParallel = 1;
				LastSwiftUpdateCheck = 1320;
				LastUpgradeCheck = 1320;
				TargetAttributes = {
					D3C53D3527BA5396000B6E26 = {
						CreatedOnToolsVersion = 13.2.1;
					};
				};
			};
			buildConfigurationList = D3C53D3127BA5396000B6E26 /* Build configuration list for PBXProject "ToDoList" */;
			compatibilityVersion = "Xcode 13.0";
			developmentRegion = en;
			hasScannedForEncodings = 0;
			knownRegions = (
				en,
				Base,
			);
			mainGroup = D3C53D2D27BA5396000B6E26;
			productRefGroup = D3C53D3727BA5396000B6E26 /* Products */;
			projectDirPath = "";
			projectReferences = (
				{
					ProductGroup = D3026B8527C26814007BDF24 /* Products */;
					ProjectRef = D3026B8427C26814007BDF24 /* ToDoList.xcodeproj */;
				},
			);
			projectRoot = "";
			targets = (
				D3C53D3527BA5396000B6E26 /* ToDoList */,
			);
		};
/* End PBXProject section */

/* Begin PBXResourcesBuildPhase section */
		D3C53D3427BA5396000B6E26 /* Resources */ = {
			isa = PBXResourcesBuildPhase;
			buildActionMask = 2147483647;
			files = (
				D3026B9927C26814007BDF24 /* SelectDateViewController.xib in Resources */,
				D3026B8D27C26814007BDF24 /* TaskCell.xib in Resources */,
				D3026B8727C26814007BDF24 /* Assets.xcassets in Resources */,
				D3026B8827C26814007BDF24 /* LaunchScreen.storyboard in Resources */,
				D320AC7A27CE2256002B16B5 /* Data.json in Resources */,
				D3026B9627C26814007BDF24 /* Main.storyboard in Resources */,
				D3026B9527C26814007BDF24 /* AddTaskViewController.xib in Resources */,
			);
			runOnlyForDeploymentPostprocessing = 0;
		};
/* End PBXResourcesBuildPhase section */

/* Begin PBXShellScriptBuildPhase section */
		0BFD9995AB4D25AF0E996A38 /* [CP] Check Pods Manifest.lock */ = {
			isa = PBXShellScriptBuildPhase;
			buildActionMask = 2147483647;
			files = (
			);
			inputFileListPaths = (
			);
			inputPaths = (
				"${PODS_PODFILE_DIR_PATH}/Podfile.lock",
				"${PODS_ROOT}/Manifest.lock",
			);
			name = "[CP] Check Pods Manifest.lock";
			outputFileListPaths = (
			);
			outputPaths = (
				"$(DERIVED_FILE_DIR)/Pods-ToDoList-checkManifestLockResult.txt",
			);
			runOnlyForDeploymentPostprocessing = 0;
			shellPath = /bin/sh;
			shellScript = "diff \"${PODS_PODFILE_DIR_PATH}/Podfile.lock\" \"${PODS_ROOT}/Manifest.lock\" > /dev/null\nif [ $? != 0 ] ; then\n    # print error to STDERR\n    echo \"error: The sandbox is not in sync with the Podfile.lock. Run 'pod install' or update your CocoaPods installation.\" >&2\n    exit 1\nfi\n# This output is used by Xcode 'outputs' to avoid re-running this script phase.\necho \"SUCCESS\" > \"${SCRIPT_OUTPUT_FILE_0}\"\n";
			showEnvVarsInLog = 0;
		};
		D3E7458B27C26C290005F421 /* ShellScript */ = {
			isa = PBXShellScriptBuildPhase;
			buildActionMask = 2147483647;
			files = (
			);
			inputFileListPaths = (
			);
			inputPaths = (
			);
			outputFileListPaths = (
			);
			outputPaths = (
			);
			runOnlyForDeploymentPostprocessing = 0;
			shellPath = /bin/sh;
			shellScript = "# Type a script or drag a script file from your workspace to insert its path.\n\"${PODS_ROOT}/SwiftLint/swiftlint\"\n";
		};
/* End PBXShellScriptBuildPhase section */

/* Begin PBXSourcesBuildPhase section */
		D3C53D3227BA5396000B6E26 /* Sources */ = {
			isa = PBXSourcesBuildPhase;
			buildActionMask = 2147483647;
			files = (
				D3026B9D27C26814007BDF24 /* TaskService.swift in Sources */,
				D3026B8F27C26814007BDF24 /* SearchViewController.swift in Sources */,
				D3026B9A27C26814007BDF24 /* TaskListViewController.swift in Sources */,
				D34DE546292E20BE001549C4 /* AddTaskRouter.swift in Sources */,
				D3026B9127C26814007BDF24 /* SelectDateViewController.swift in Sources */,
				D36FC5B827F71A5D008F87A9 /* DatabaseTask.swift in Sources */,
				D3026B8E27C26814007BDF24 /* ToDayViewController.swift in Sources */,
				D34DE554292E5D2F001549C4 /* AppCoordinatorImpl.swift in Sources */,
				D3026B8B27C26814007BDF24 /* Task.swift in Sources */,
				D318E842291A6B7F00C89C48 /* InBoxModuleBuilder.swift in Sources */,
				D356F6A727DF7ACC00604D34 /* StorageHelper.swift in Sources */,
				D318E84A291A772000C89C48 /* SearchModuleBuilder.swift in Sources */,
				D370E1EF291CE5BA0090DF47 /* ModuleBuilder.swift in Sources */,
				D318E850291A94EC00C89C48 /* AddTaskModuleBuilder.swift in Sources */,
				D3B0949628C28ACB00A2FD72 /* CoderJSON.swift in Sources */,
				D34DE544292E20B6001549C4 /* InBoxRouter.swift in Sources */,
				D34DE55F292E9C2B001549C4 /* Coordinator.swift in Sources */,
				D36FC5B627F719F3008F87A9 /* NetworkService.swift in Sources */,
				D3026B9027C26814007BDF24 /* InBoxViewController.swift in Sources */,
				D3026B9727C26814007BDF24 /* AddTaskViewController.swift in Sources */,
				D393FFCA293FB3970057A8DC /* InBoxCoordinator.swift in Sources */,
				D318E83B291A663000C89C48 /* AppDI.swift in Sources */,
				D3BC6D8729015B61002DDC8D /* LocalStorage.swift in Sources */,
				D318E848291A76AE00C89C48 /* TaskListModuleBuilder.swift in Sources */,
				D3026B9427C26814007BDF24 /* SelectDateRouting.swift in Sources */,
				D3026B9F27C26814007BDF24 /* SceneDelegate.swift in Sources */,
				D3026B8C27C26814007BDF24 /* TaskCell.swift in Sources */,
				D318E846291A753100C89C48 /* ToDayModuleBuilder.swift in Sources */,
				D3026B9C27C26814007BDF24 /* ConvertDate.swift in Sources */,
				D318E852291A964A00C89C48 /* SelectDataModuleBuilder.swift in Sources */,
				D320AC7C27CE22D1002B16B5 /* Constants.swift in Sources */,
				D34DE55C292E955A001549C4 /* AppRootDependency.swift in Sources */,
				D3BC6D6B28FFFEAC002DDC8D /* TaskRepository.swift in Sources */,
				D3026B9227C26814007BDF24 /* DetailTaskViewController.swift in Sources */,
				D3BC6D6328FFFA43002DDC8D /* TaskRepositoryImpl.swift in Sources */,
				D3026B9E27C26814007BDF24 /* AppDelegate.swift in Sources */,
				D356F6A927DF7AE100604D34 /* FileService.swift in Sources */,
				D3026B8A27C26814007BDF24 /* Group.swift in Sources */,
				D318E84E291A8FD800C89C48 /* DetailTaskModelBuilder.swift in Sources */,
			);
			runOnlyForDeploymentPostprocessing = 0;
		};
/* End PBXSourcesBuildPhase section */

/* Begin PBXVariantGroup section */
		D3026B6227C26814007BDF24 /* LaunchScreen.storyboard */ = {
			isa = PBXVariantGroup;
			children = (
				D3026B6327C26814007BDF24 /* Base */,
			);
			name = LaunchScreen.storyboard;
			sourceTree = "<group>";
		};
		D3026B7727C26814007BDF24 /* Main.storyboard */ = {
			isa = PBXVariantGroup;
			children = (
				D3026B7827C26814007BDF24 /* Base */,
			);
			name = Main.storyboard;
			sourceTree = "<group>";
		};
/* End PBXVariantGroup section */

/* Begin XCBuildConfiguration section */
		D3C53D4827BA5397000B6E26 /* Debug */ = {
			isa = XCBuildConfiguration;
			buildSettings = {
				ALWAYS_SEARCH_USER_PATHS = NO;
				CLANG_ANALYZER_NONNULL = YES;
				CLANG_ANALYZER_NUMBER_OBJECT_CONVERSION = YES_AGGRESSIVE;
				CLANG_CXX_LANGUAGE_STANDARD = "gnu++17";
				CLANG_CXX_LIBRARY = "libc++";
				CLANG_ENABLE_MODULES = YES;
				CLANG_ENABLE_OBJC_ARC = YES;
				CLANG_ENABLE_OBJC_WEAK = YES;
				CLANG_WARN_BLOCK_CAPTURE_AUTORELEASING = YES;
				CLANG_WARN_BOOL_CONVERSION = YES;
				CLANG_WARN_COMMA = YES;
				CLANG_WARN_CONSTANT_CONVERSION = YES;
				CLANG_WARN_DEPRECATED_OBJC_IMPLEMENTATIONS = YES;
				CLANG_WARN_DIRECT_OBJC_ISA_USAGE = YES_ERROR;
				CLANG_WARN_DOCUMENTATION_COMMENTS = YES;
				CLANG_WARN_EMPTY_BODY = YES;
				CLANG_WARN_ENUM_CONVERSION = YES;
				CLANG_WARN_INFINITE_RECURSION = YES;
				CLANG_WARN_INT_CONVERSION = YES;
				CLANG_WARN_NON_LITERAL_NULL_CONVERSION = YES;
				CLANG_WARN_OBJC_IMPLICIT_RETAIN_SELF = YES;
				CLANG_WARN_OBJC_LITERAL_CONVERSION = YES;
				CLANG_WARN_OBJC_ROOT_CLASS = YES_ERROR;
				CLANG_WARN_QUOTED_INCLUDE_IN_FRAMEWORK_HEADER = YES;
				CLANG_WARN_RANGE_LOOP_ANALYSIS = YES;
				CLANG_WARN_STRICT_PROTOTYPES = YES;
				CLANG_WARN_SUSPICIOUS_MOVE = YES;
				CLANG_WARN_UNGUARDED_AVAILABILITY = YES_AGGRESSIVE;
				CLANG_WARN_UNREACHABLE_CODE = YES;
				CLANG_WARN__DUPLICATE_METHOD_MATCH = YES;
				COPY_PHASE_STRIP = NO;
				DEBUG_INFORMATION_FORMAT = dwarf;
				ENABLE_STRICT_OBJC_MSGSEND = YES;
				ENABLE_TESTABILITY = YES;
				GCC_C_LANGUAGE_STANDARD = gnu11;
				GCC_DYNAMIC_NO_PIC = NO;
				GCC_NO_COMMON_BLOCKS = YES;
				GCC_OPTIMIZATION_LEVEL = 0;
				GCC_PREPROCESSOR_DEFINITIONS = (
					"DEBUG=1",
					"$(inherited)",
				);
				GCC_WARN_64_TO_32_BIT_CONVERSION = YES;
				GCC_WARN_ABOUT_RETURN_TYPE = YES_ERROR;
				GCC_WARN_UNDECLARED_SELECTOR = YES;
				GCC_WARN_UNINITIALIZED_AUTOS = YES_AGGRESSIVE;
				GCC_WARN_UNUSED_FUNCTION = YES;
				GCC_WARN_UNUSED_VARIABLE = YES;
				IPHONEOS_DEPLOYMENT_TARGET = 15.2;
				MTL_ENABLE_DEBUG_INFO = INCLUDE_SOURCE;
				MTL_FAST_MATH = YES;
				ONLY_ACTIVE_ARCH = YES;
				SDKROOT = iphoneos;
				SWIFT_ACTIVE_COMPILATION_CONDITIONS = DEBUG;
				SWIFT_OPTIMIZATION_LEVEL = "-Onone";
			};
			name = Debug;
		};
		D3C53D4927BA5397000B6E26 /* Release */ = {
			isa = XCBuildConfiguration;
			buildSettings = {
				ALWAYS_SEARCH_USER_PATHS = NO;
				CLANG_ANALYZER_NONNULL = YES;
				CLANG_ANALYZER_NUMBER_OBJECT_CONVERSION = YES_AGGRESSIVE;
				CLANG_CXX_LANGUAGE_STANDARD = "gnu++17";
				CLANG_CXX_LIBRARY = "libc++";
				CLANG_ENABLE_MODULES = YES;
				CLANG_ENABLE_OBJC_ARC = YES;
				CLANG_ENABLE_OBJC_WEAK = YES;
				CLANG_WARN_BLOCK_CAPTURE_AUTORELEASING = YES;
				CLANG_WARN_BOOL_CONVERSION = YES;
				CLANG_WARN_COMMA = YES;
				CLANG_WARN_CONSTANT_CONVERSION = YES;
				CLANG_WARN_DEPRECATED_OBJC_IMPLEMENTATIONS = YES;
				CLANG_WARN_DIRECT_OBJC_ISA_USAGE = YES_ERROR;
				CLANG_WARN_DOCUMENTATION_COMMENTS = YES;
				CLANG_WARN_EMPTY_BODY = YES;
				CLANG_WARN_ENUM_CONVERSION = YES;
				CLANG_WARN_INFINITE_RECURSION = YES;
				CLANG_WARN_INT_CONVERSION = YES;
				CLANG_WARN_NON_LITERAL_NULL_CONVERSION = YES;
				CLANG_WARN_OBJC_IMPLICIT_RETAIN_SELF = YES;
				CLANG_WARN_OBJC_LITERAL_CONVERSION = YES;
				CLANG_WARN_OBJC_ROOT_CLASS = YES_ERROR;
				CLANG_WARN_QUOTED_INCLUDE_IN_FRAMEWORK_HEADER = YES;
				CLANG_WARN_RANGE_LOOP_ANALYSIS = YES;
				CLANG_WARN_STRICT_PROTOTYPES = YES;
				CLANG_WARN_SUSPICIOUS_MOVE = YES;
				CLANG_WARN_UNGUARDED_AVAILABILITY = YES_AGGRESSIVE;
				CLANG_WARN_UNREACHABLE_CODE = YES;
				CLANG_WARN__DUPLICATE_METHOD_MATCH = YES;
				COPY_PHASE_STRIP = NO;
				DEBUG_INFORMATION_FORMAT = "dwarf-with-dsym";
				ENABLE_NS_ASSERTIONS = NO;
				ENABLE_STRICT_OBJC_MSGSEND = YES;
				GCC_C_LANGUAGE_STANDARD = gnu11;
				GCC_NO_COMMON_BLOCKS = YES;
				GCC_WARN_64_TO_32_BIT_CONVERSION = YES;
				GCC_WARN_ABOUT_RETURN_TYPE = YES_ERROR;
				GCC_WARN_UNDECLARED_SELECTOR = YES;
				GCC_WARN_UNINITIALIZED_AUTOS = YES_AGGRESSIVE;
				GCC_WARN_UNUSED_FUNCTION = YES;
				GCC_WARN_UNUSED_VARIABLE = YES;
				IPHONEOS_DEPLOYMENT_TARGET = 15.2;
				MTL_ENABLE_DEBUG_INFO = NO;
				MTL_FAST_MATH = YES;
				SDKROOT = iphoneos;
				SWIFT_COMPILATION_MODE = wholemodule;
				SWIFT_OPTIMIZATION_LEVEL = "-O";
				VALIDATE_PRODUCT = YES;
			};
			name = Release;
		};
		D3C53D4B27BA5397000B6E26 /* Debug */ = {
			isa = XCBuildConfiguration;
			baseConfigurationReference = C481F81795754EC5FD9F3EA8 /* Pods-ToDoList.debug.xcconfig */;
			buildSettings = {
				ASSETCATALOG_COMPILER_APPICON_NAME = AppIcon;
				ASSETCATALOG_COMPILER_GLOBAL_ACCENT_COLOR_NAME = AccentColor;
				CODE_SIGN_STYLE = Automatic;
				CURRENT_PROJECT_VERSION = 1;
				DEVELOPMENT_TEAM = 7UX23FZ642;
				GENERATE_INFOPLIST_FILE = YES;
				INFOPLIST_FILE = Resources/InfoPro.plist;
				INFOPLIST_KEY_UIApplicationSupportsIndirectInputEvents = YES;
				INFOPLIST_KEY_UILaunchStoryboardName = LaunchScreen;
				INFOPLIST_KEY_UIMainStoryboardFile = Main;
				INFOPLIST_KEY_UISupportedInterfaceOrientations_iPad = "UIInterfaceOrientationPortrait UIInterfaceOrientationPortraitUpsideDown UIInterfaceOrientationLandscapeLeft UIInterfaceOrientationLandscapeRight";
				INFOPLIST_KEY_UISupportedInterfaceOrientations_iPhone = "UIInterfaceOrientationPortrait UIInterfaceOrientationLandscapeLeft UIInterfaceOrientationLandscapeRight";
				LD_RUNPATH_SEARCH_PATHS = (
					"$(inherited)",
					"@executable_path/Frameworks",
				);
				MARKETING_VERSION = 1.6;
				PRODUCT_BUNDLE_IDENTIFIER = com.intervale.ToDoList;
				PRODUCT_NAME = "$(TARGET_NAME)";
				SWIFT_EMIT_LOC_STRINGS = YES;
				SWIFT_VERSION = 5.0;
				TARGETED_DEVICE_FAMILY = "1,2";
			};
			name = Debug;
		};
		D3C53D4C27BA5397000B6E26 /* Release */ = {
			isa = XCBuildConfiguration;
			baseConfigurationReference = FDD4244FF57F7028DD205125 /* Pods-ToDoList.release.xcconfig */;
			buildSettings = {
				ASSETCATALOG_COMPILER_APPICON_NAME = AppIcon;
				ASSETCATALOG_COMPILER_GLOBAL_ACCENT_COLOR_NAME = AccentColor;
				CODE_SIGN_STYLE = Automatic;
				CURRENT_PROJECT_VERSION = 1;
				DEVELOPMENT_TEAM = 7UX23FZ642;
				GENERATE_INFOPLIST_FILE = YES;
				INFOPLIST_FILE = Resources/InfoPro.plist;
				INFOPLIST_KEY_UIApplicationSupportsIndirectInputEvents = YES;
				INFOPLIST_KEY_UILaunchStoryboardName = LaunchScreen;
				INFOPLIST_KEY_UIMainStoryboardFile = Main;
				INFOPLIST_KEY_UISupportedInterfaceOrientations_iPad = "UIInterfaceOrientationPortrait UIInterfaceOrientationPortraitUpsideDown UIInterfaceOrientationLandscapeLeft UIInterfaceOrientationLandscapeRight";
				INFOPLIST_KEY_UISupportedInterfaceOrientations_iPhone = "UIInterfaceOrientationPortrait UIInterfaceOrientationLandscapeLeft UIInterfaceOrientationLandscapeRight";
				LD_RUNPATH_SEARCH_PATHS = (
					"$(inherited)",
					"@executable_path/Frameworks",
				);
				MARKETING_VERSION = 1.6;
				PRODUCT_BUNDLE_IDENTIFIER = com.intervale.ToDoList;
				PRODUCT_NAME = "$(TARGET_NAME)";
				SWIFT_EMIT_LOC_STRINGS = YES;
				SWIFT_VERSION = 5.0;
				TARGETED_DEVICE_FAMILY = "1,2";
			};
			name = Release;
		};
/* End XCBuildConfiguration section */

/* Begin XCConfigurationList section */
		D3C53D3127BA5396000B6E26 /* Build configuration list for PBXProject "ToDoList" */ = {
			isa = XCConfigurationList;
			buildConfigurations = (
				D3C53D4827BA5397000B6E26 /* Debug */,
				D3C53D4927BA5397000B6E26 /* Release */,
			);
			defaultConfigurationIsVisible = 0;
			defaultConfigurationName = Release;
		};
		D3C53D4A27BA5397000B6E26 /* Build configuration list for PBXNativeTarget "ToDoList" */ = {
			isa = XCConfigurationList;
			buildConfigurations = (
				D3C53D4B27BA5397000B6E26 /* Debug */,
				D3C53D4C27BA5397000B6E26 /* Release */,
			);
			defaultConfigurationIsVisible = 0;
			defaultConfigurationName = Release;
		};
/* End XCConfigurationList section */
	};
	rootObject = D3C53D2E27BA5396000B6E26 /* Project object */;
}
