// !$*UTF8*$!
{
	archiveVersion = 1;
	classes = {
	};
	objectVersion = 55;
	objects = {

/* Begin PBXBuildFile section */
		D31B938F27BA578A008B23D6 /* TabBarController.swift in Sources */ = {isa = PBXBuildFile; fileRef = D31B938E27BA578A008B23D6 /* TabBarController.swift */; };
		D31B939227BA57E0008B23D6 /* InBoxViewController.swift in Sources */ = {isa = PBXBuildFile; fileRef = D31B939127BA57E0008B23D6 /* InBoxViewController.swift */; };
		D31B939427BA580C008B23D6 /* ToDayViewController.swift in Sources */ = {isa = PBXBuildFile; fileRef = D31B939327BA580C008B23D6 /* ToDayViewController.swift */; };
		D31B939627BA581E008B23D6 /* TaskListViewController.swift in Sources */ = {isa = PBXBuildFile; fileRef = D31B939527BA581E008B23D6 /* TaskListViewController.swift */; };
		D31B939827BA5831008B23D6 /* SearchViewController.swift in Sources */ = {isa = PBXBuildFile; fileRef = D31B939727BA5831008B23D6 /* SearchViewController.swift */; };
		D31B939D27BA5ECC008B23D6 /* Task.swift in Sources */ = {isa = PBXBuildFile; fileRef = D31B939C27BA5ECC008B23D6 /* Task.swift */; };
		D31B939F27BA5ED7008B23D6 /* Group.swift in Sources */ = {isa = PBXBuildFile; fileRef = D31B939E27BA5ED7008B23D6 /* Group.swift */; };
		D31B93A327BA611D008B23D6 /* TaskCell.swift in Sources */ = {isa = PBXBuildFile; fileRef = D31B93A127BA611D008B23D6 /* TaskCell.swift */; };
		D31B93A427BA611D008B23D6 /* TaskCell.xib in Resources */ = {isa = PBXBuildFile; fileRef = D31B93A227BA611D008B23D6 /* TaskCell.xib */; };
		D31B93A927BA7510008B23D6 /* AddTaskViewController.swift in Sources */ = {isa = PBXBuildFile; fileRef = D31B93A727BA7510008B23D6 /* AddTaskViewController.swift */; };
		D31B93AA27BA7510008B23D6 /* AddTaskViewController.xib in Resources */ = {isa = PBXBuildFile; fileRef = D31B93A827BA7510008B23D6 /* AddTaskViewController.xib */; };
		D31B93AD27BA7BBA008B23D6 /* SelectDateViewController.swift in Sources */ = {isa = PBXBuildFile; fileRef = D31B93AB27BA7BBA008B23D6 /* SelectDateViewController.swift */; };
		D31B93AE27BA7BBA008B23D6 /* SelectDateViewController.xib in Resources */ = {isa = PBXBuildFile; fileRef = D31B93AC27BA7BBA008B23D6 /* SelectDateViewController.xib */; };
		D31B93B027BA7E6D008B23D6 /* ConvertDate.swift in Sources */ = {isa = PBXBuildFile; fileRef = D31B93AF27BA7E6D008B23D6 /* ConvertDate.swift */; };
		D31B93B327BA8660008B23D6 /* TaskService.swift in Sources */ = {isa = PBXBuildFile; fileRef = D31B93B227BA8660008B23D6 /* TaskService.swift */; };
		D3AC1ACB27C1042F007EEDEC /* AddTaskDelegate.swift in Sources */ = {isa = PBXBuildFile; fileRef = D3AC1ACA27C1042F007EEDEC /* AddTaskDelegate.swift */; };
		D3AC1ACD27C11051007EEDEC /* SelectDateDelegate.swift in Sources */ = {isa = PBXBuildFile; fileRef = D3AC1ACC27C11051007EEDEC /* SelectDateDelegate.swift */; };
		D3AC1ACF27C1171B007EEDEC /* DetailTaskDelegate.swift in Sources */ = {isa = PBXBuildFile; fileRef = D3AC1ACE27C1171B007EEDEC /* DetailTaskDelegate.swift */; };
		D3C53D3A27BA5396000B6E26 /* AppDelegate.swift in Sources */ = {isa = PBXBuildFile; fileRef = D3C53D3927BA5396000B6E26 /* AppDelegate.swift */; };
		D3C53D3C27BA5396000B6E26 /* SceneDelegate.swift in Sources */ = {isa = PBXBuildFile; fileRef = D3C53D3B27BA5396000B6E26 /* SceneDelegate.swift */; };
		D3C53D3E27BA5396000B6E26 /* DetailTaskViewController.swift in Sources */ = {isa = PBXBuildFile; fileRef = D3C53D3D27BA5396000B6E26 /* DetailTaskViewController.swift */; };
		D3C53D4127BA5396000B6E26 /* Main.storyboard in Resources */ = {isa = PBXBuildFile; fileRef = D3C53D3F27BA5396000B6E26 /* Main.storyboard */; };
		D3C53D4327BA5397000B6E26 /* Assets.xcassets in Resources */ = {isa = PBXBuildFile; fileRef = D3C53D4227BA5397000B6E26 /* Assets.xcassets */; };
		D3C53D4627BA5397000B6E26 /* LaunchScreen.storyboard in Resources */ = {isa = PBXBuildFile; fileRef = D3C53D4427BA5397000B6E26 /* LaunchScreen.storyboard */; };
/* End PBXBuildFile section */

/* Begin PBXFileReference section */
		D31B938E27BA578A008B23D6 /* TabBarController.swift */ = {isa = PBXFileReference; lastKnownFileType = sourcecode.swift; path = TabBarController.swift; sourceTree = "<group>"; };
		D31B939127BA57E0008B23D6 /* InBoxViewController.swift */ = {isa = PBXFileReference; lastKnownFileType = sourcecode.swift; path = InBoxViewController.swift; sourceTree = "<group>"; };
		D31B939327BA580C008B23D6 /* ToDayViewController.swift */ = {isa = PBXFileReference; lastKnownFileType = sourcecode.swift; path = ToDayViewController.swift; sourceTree = "<group>"; };
		D31B939527BA581E008B23D6 /* TaskListViewController.swift */ = {isa = PBXFileReference; lastKnownFileType = sourcecode.swift; path = TaskListViewController.swift; sourceTree = "<group>"; };
		D31B939727BA5831008B23D6 /* SearchViewController.swift */ = {isa = PBXFileReference; lastKnownFileType = sourcecode.swift; path = SearchViewController.swift; sourceTree = "<group>"; };
		D31B939C27BA5ECC008B23D6 /* Task.swift */ = {isa = PBXFileReference; lastKnownFileType = sourcecode.swift; path = Task.swift; sourceTree = "<group>"; };
		D31B939E27BA5ED7008B23D6 /* Group.swift */ = {isa = PBXFileReference; lastKnownFileType = sourcecode.swift; path = Group.swift; sourceTree = "<group>"; };
		D31B93A127BA611D008B23D6 /* TaskCell.swift */ = {isa = PBXFileReference; lastKnownFileType = sourcecode.swift; path = TaskCell.swift; sourceTree = "<group>"; };
		D31B93A227BA611D008B23D6 /* TaskCell.xib */ = {isa = PBXFileReference; lastKnownFileType = file.xib; path = TaskCell.xib; sourceTree = "<group>"; };
		D31B93A727BA7510008B23D6 /* AddTaskViewController.swift */ = {isa = PBXFileReference; lastKnownFileType = sourcecode.swift; path = AddTaskViewController.swift; sourceTree = "<group>"; };
		D31B93A827BA7510008B23D6 /* AddTaskViewController.xib */ = {isa = PBXFileReference; lastKnownFileType = file.xib; path = AddTaskViewController.xib; sourceTree = "<group>"; };
		D31B93AB27BA7BBA008B23D6 /* SelectDateViewController.swift */ = {isa = PBXFileReference; lastKnownFileType = sourcecode.swift; path = SelectDateViewController.swift; sourceTree = "<group>"; };
		D31B93AC27BA7BBA008B23D6 /* SelectDateViewController.xib */ = {isa = PBXFileReference; lastKnownFileType = file.xib; path = SelectDateViewController.xib; sourceTree = "<group>"; };
		D31B93AF27BA7E6D008B23D6 /* ConvertDate.swift */ = {isa = PBXFileReference; lastKnownFileType = sourcecode.swift; path = ConvertDate.swift; sourceTree = "<group>"; };
		D31B93B227BA8660008B23D6 /* TaskService.swift */ = {isa = PBXFileReference; lastKnownFileType = sourcecode.swift; path = TaskService.swift; sourceTree = "<group>"; };
		D3AC1ACA27C1042F007EEDEC /* AddTaskDelegate.swift */ = {isa = PBXFileReference; lastKnownFileType = sourcecode.swift; path = AddTaskDelegate.swift; sourceTree = "<group>"; };
		D3AC1ACC27C11051007EEDEC /* SelectDateDelegate.swift */ = {isa = PBXFileReference; lastKnownFileType = sourcecode.swift; path = SelectDateDelegate.swift; sourceTree = "<group>"; };
		D3AC1ACE27C1171B007EEDEC /* DetailTaskDelegate.swift */ = {isa = PBXFileReference; lastKnownFileType = sourcecode.swift; path = DetailTaskDelegate.swift; sourceTree = "<group>"; };
		D3C53D3627BA5396000B6E26 /* ToDoList.app */ = {isa = PBXFileReference; explicitFileType = wrapper.application; includeInIndex = 0; path = ToDoList.app; sourceTree = BUILT_PRODUCTS_DIR; };
		D3C53D3927BA5396000B6E26 /* AppDelegate.swift */ = {isa = PBXFileReference; lastKnownFileType = sourcecode.swift; path = AppDelegate.swift; sourceTree = "<group>"; };
		D3C53D3B27BA5396000B6E26 /* SceneDelegate.swift */ = {isa = PBXFileReference; lastKnownFileType = sourcecode.swift; path = SceneDelegate.swift; sourceTree = "<group>"; };
		D3C53D3D27BA5396000B6E26 /* DetailTaskViewController.swift */ = {isa = PBXFileReference; lastKnownFileType = sourcecode.swift; path = DetailTaskViewController.swift; sourceTree = "<group>"; };
		D3C53D4027BA5396000B6E26 /* Base */ = {isa = PBXFileReference; lastKnownFileType = file.storyboard; name = Base; path = Base.lproj/Main.storyboard; sourceTree = "<group>"; };
		D3C53D4227BA5397000B6E26 /* Assets.xcassets */ = {isa = PBXFileReference; lastKnownFileType = folder.assetcatalog; path = Assets.xcassets; sourceTree = "<group>"; };
		D3C53D4527BA5397000B6E26 /* Base */ = {isa = PBXFileReference; lastKnownFileType = file.storyboard; name = Base; path = Base.lproj/LaunchScreen.storyboard; sourceTree = "<group>"; };
		D3C53D4727BA5397000B6E26 /* Info.plist */ = {isa = PBXFileReference; lastKnownFileType = text.plist.xml; path = Info.plist; sourceTree = "<group>"; };
/* End PBXFileReference section */

/* Begin PBXFrameworksBuildPhase section */
		D3C53D3327BA5396000B6E26 /* Frameworks */ = {
			isa = PBXFrameworksBuildPhase;
			buildActionMask = 2147483647;
			files = (
			);
			runOnlyForDeploymentPostprocessing = 0;
		};
/* End PBXFrameworksBuildPhase section */

/* Begin PBXGroup section */
		D318ED0C27BFC8CB0087DF32 /* View */ = {
			isa = PBXGroup;
			children = (
				D318ED0D27BFC8D40087DF32 /* Cell */,
			);
			path = View;
			sourceTree = "<group>";
		};
		D318ED0D27BFC8D40087DF32 /* Cell */ = {
			isa = PBXGroup;
			children = (
				D31B93A127BA611D008B23D6 /* TaskCell.swift */,
				D31B93A227BA611D008B23D6 /* TaskCell.xib */,
			);
			path = Cell;
			sourceTree = "<group>";
		};
		D318ED0E27BFC8E60087DF32 /* Flows */ = {
			isa = PBXGroup;
			children = (
				D31B938E27BA578A008B23D6 /* TabBarController.swift */,
				D318ED0F27BFC9070087DF32 /* InBoxViewController */,
				D31B939327BA580C008B23D6 /* ToDayViewController.swift */,
				D31B939527BA581E008B23D6 /* TaskListViewController.swift */,
				D31B939727BA5831008B23D6 /* SearchViewController.swift */,
			);
			path = Flows;
			sourceTree = "<group>";
		};
		D318ED0F27BFC9070087DF32 /* InBoxViewController */ = {
			isa = PBXGroup;
			children = (
				D31B939127BA57E0008B23D6 /* InBoxViewController.swift */,
				D3AC1ACA27C1042F007EEDEC /* AddTaskDelegate.swift */,
				D31B93A727BA7510008B23D6 /* AddTaskViewController.swift */,
				D31B93A827BA7510008B23D6 /* AddTaskViewController.xib */,
				D3AC1ACC27C11051007EEDEC /* SelectDateDelegate.swift */,
				D31B93AB27BA7BBA008B23D6 /* SelectDateViewController.swift */,
				D31B93AC27BA7BBA008B23D6 /* SelectDateViewController.xib */,
				D3AC1ACE27C1171B007EEDEC /* DetailTaskDelegate.swift */,
				D3C53D3D27BA5396000B6E26 /* DetailTaskViewController.swift */,
				D3C53D3F27BA5396000B6E26 /* Main.storyboard */,
			);
			path = InBoxViewController;
			sourceTree = "<group>";
		};
		D318ED1127BFC9890087DF32 /* Services */ = {
			isa = PBXGroup;
			children = (
				D31B93B227BA8660008B23D6 /* TaskService.swift */,
				D31B93AF27BA7E6D008B23D6 /* ConvertDate.swift */,
			);
			path = Services;
			sourceTree = "<group>";
		};
		D318ED1227BFC9E60087DF32 /* Sources */ = {
			isa = PBXGroup;
			children = (
				D318ED0C27BFC8CB0087DF32 /* View */,
				D318ED0E27BFC8E60087DF32 /* Flows */,
				D31B939B27BA5E8E008B23D6 /* Model */,
				D318ED1127BFC9890087DF32 /* Services */,
			);
			path = Sources;
			sourceTree = "<group>";
		};
		D318ED1327BFCA380087DF32 /* Resources */ = {
			isa = PBXGroup;
			children = (
				D3C53D4227BA5397000B6E26 /* Assets.xcassets */,
				D3C53D4727BA5397000B6E26 /* Info.plist */,
				D3C53D4427BA5397000B6E26 /* LaunchScreen.storyboard */,
			);
			path = Resources;
			sourceTree = "<group>";
		};
		D31B939B27BA5E8E008B23D6 /* Model */ = {
			isa = PBXGroup;
			children = (
				D31B939C27BA5ECC008B23D6 /* Task.swift */,
				D31B939E27BA5ED7008B23D6 /* Group.swift */,
			);
			path = Model;
			sourceTree = "<group>";
		};
		D3AC1AC927BFCCB2007EEDEC /* Application */ = {
			isa = PBXGroup;
			children = (
				D3C53D3927BA5396000B6E26 /* AppDelegate.swift */,
				D3C53D3B27BA5396000B6E26 /* SceneDelegate.swift */,
			);
			path = Application;
			sourceTree = "<group>";
		};
		D3C53D2D27BA5396000B6E26 = {
			isa = PBXGroup;
			children = (
				D3C53D3827BA5396000B6E26 /* ToDoList */,
				D3C53D3727BA5396000B6E26 /* Products */,
			);
			sourceTree = "<group>";
		};
		D3C53D3727BA5396000B6E26 /* Products */ = {
			isa = PBXGroup;
			children = (
				D3C53D3627BA5396000B6E26 /* ToDoList.app */,
			);
			name = Products;
			sourceTree = "<group>";
		};
		D3C53D3827BA5396000B6E26 /* ToDoList */ = {
			isa = PBXGroup;
			children = (
				D318ED1227BFC9E60087DF32 /* Sources */,
				D3AC1AC927BFCCB2007EEDEC /* Application */,
				D318ED1327BFCA380087DF32 /* Resources */,
			);
			path = ToDoList;
			sourceTree = "<group>";
		};
/* End PBXGroup section */

/* Begin PBXNativeTarget section */
		D3C53D3527BA5396000B6E26 /* ToDoList */ = {
			isa = PBXNativeTarget;
			buildConfigurationList = D3C53D4A27BA5397000B6E26 /* Build configuration list for PBXNativeTarget "ToDoList" */;
			buildPhases = (
				D3C53D3227BA5396000B6E26 /* Sources */,
				D3C53D3327BA5396000B6E26 /* Frameworks */,
				D3C53D3427BA5396000B6E26 /* Resources */,
			);
			buildRules = (
			);
			dependencies = (
			);
			name = ToDoList;
			productName = ToDoList;
			productReference = D3C53D3627BA5396000B6E26 /* ToDoList.app */;
			productType = "com.apple.product-type.application";
		};
/* End PBXNativeTarget section */

/* Begin PBXProject section */
		D3C53D2E27BA5396000B6E26 /* Project object */ = {
			isa = PBXProject;
			attributes = {
				BuildIndependentTargetsInParallel = 1;
				LastSwiftUpdateCheck = 1320;
				LastUpgradeCheck = 1320;
				TargetAttributes = {
					D3C53D3527BA5396000B6E26 = {
						CreatedOnToolsVersion = 13.2.1;
					};
				};
			};
			buildConfigurationList = D3C53D3127BA5396000B6E26 /* Build configuration list for PBXProject "ToDoList" */;
			compatibilityVersion = "Xcode 13.0";
			developmentRegion = en;
			hasScannedForEncodings = 0;
			knownRegions = (
				en,
				Base,
			);
			mainGroup = D3C53D2D27BA5396000B6E26;
			productRefGroup = D3C53D3727BA5396000B6E26 /* Products */;
			projectDirPath = "";
			projectRoot = "";
			targets = (
				D3C53D3527BA5396000B6E26 /* ToDoList */,
			);
		};
/* End PBXProject section */

/* Begin PBXResourcesBuildPhase section */
		D3C53D3427BA5396000B6E26 /* Resources */ = {
			isa = PBXResourcesBuildPhase;
			buildActionMask = 2147483647;
			files = (
				D3C53D4627BA5397000B6E26 /* LaunchScreen.storyboard in Resources */,
				D31B93A427BA611D008B23D6 /* TaskCell.xib in Resources */,
				D31B93AE27BA7BBA008B23D6 /* SelectDateViewController.xib in Resources */,
				D3C53D4327BA5397000B6E26 /* Assets.xcassets in Resources */,
				D31B93AA27BA7510008B23D6 /* AddTaskViewController.xib in Resources */,
				D3C53D4127BA5396000B6E26 /* Main.storyboard in Resources */,
			);
			runOnlyForDeploymentPostprocessing = 0;
		};
/* End PBXResourcesBuildPhase section */

/* Begin PBXSourcesBuildPhase section */
		D3C53D3227BA5396000B6E26 /* Sources */ = {
			isa = PBXSourcesBuildPhase;
			buildActionMask = 2147483647;
			files = (
				D31B93AD27BA7BBA008B23D6 /* SelectDateViewController.swift in Sources */,
				D31B93B027BA7E6D008B23D6 /* ConvertDate.swift in Sources */,
				D31B939627BA581E008B23D6 /* TaskListViewController.swift in Sources */,
				D31B93A927BA7510008B23D6 /* AddTaskViewController.swift in Sources */,
				D3AC1ACF27C1171B007EEDEC /* DetailTaskDelegate.swift in Sources */,
				D3C53D3E27BA5396000B6E26 /* DetailTaskViewController.swift in Sources */,
				D31B93B327BA8660008B23D6 /* TaskService.swift in Sources */,
				D31B939827BA5831008B23D6 /* SearchViewController.swift in Sources */,
				D31B939F27BA5ED7008B23D6 /* Group.swift in Sources */,
				D3AC1ACD27C11051007EEDEC /* SelectDateDelegate.swift in Sources */,
				D31B938F27BA578A008B23D6 /* TabBarController.swift in Sources */,
				D31B939227BA57E0008B23D6 /* InBoxViewController.swift in Sources */,
				D31B93A327BA611D008B23D6 /* TaskCell.swift in Sources */,
				D3AC1ACB27C1042F007EEDEC /* AddTaskDelegate.swift in Sources */,
				D3C53D3A27BA5396000B6E26 /* AppDelegate.swift in Sources */,
				D31B939427BA580C008B23D6 /* ToDayViewController.swift in Sources */,
				D31B939D27BA5ECC008B23D6 /* Task.swift in Sources */,
				D3C53D3C27BA5396000B6E26 /* SceneDelegate.swift in Sources */,
			);
			runOnlyForDeploymentPostprocessing = 0;
		};
/* End PBXSourcesBuildPhase section */

/* Begin PBXVariantGroup section */
		D3C53D3F27BA5396000B6E26 /* Main.storyboard */ = {
			isa = PBXVariantGroup;
			children = (
				D3C53D4027BA5396000B6E26 /* Base */,
			);
			name = Main.storyboard;
			sourceTree = "<group>";
		};
		D3C53D4427BA5397000B6E26 /* LaunchScreen.storyboard */ = {
			isa = PBXVariantGroup;
			children = (
				D3C53D4527BA5397000B6E26 /* Base */,
			);
			name = LaunchScreen.storyboard;
			sourceTree = "<group>";
		};
/* End PBXVariantGroup section */

/* Begin XCBuildConfiguration section */
		D3C53D4827BA5397000B6E26 /* Debug */ = {
			isa = XCBuildConfiguration;
			buildSettings = {
				ALWAYS_SEARCH_USER_PATHS = NO;
				CLANG_ANALYZER_NONNULL = YES;
				CLANG_ANALYZER_NUMBER_OBJECT_CONVERSION = YES_AGGRESSIVE;
				CLANG_CXX_LANGUAGE_STANDARD = "gnu++17";
				CLANG_CXX_LIBRARY = "libc++";
				CLANG_ENABLE_MODULES = YES;
				CLANG_ENABLE_OBJC_ARC = YES;
				CLANG_ENABLE_OBJC_WEAK = YES;
				CLANG_WARN_BLOCK_CAPTURE_AUTORELEASING = YES;
				CLANG_WARN_BOOL_CONVERSION = YES;
				CLANG_WARN_COMMA = YES;
				CLANG_WARN_CONSTANT_CONVERSION = YES;
				CLANG_WARN_DEPRECATED_OBJC_IMPLEMENTATIONS = YES;
				CLANG_WARN_DIRECT_OBJC_ISA_USAGE = YES_ERROR;
				CLANG_WARN_DOCUMENTATION_COMMENTS = YES;
				CLANG_WARN_EMPTY_BODY = YES;
				CLANG_WARN_ENUM_CONVERSION = YES;
				CLANG_WARN_INFINITE_RECURSION = YES;
				CLANG_WARN_INT_CONVERSION = YES;
				CLANG_WARN_NON_LITERAL_NULL_CONVERSION = YES;
				CLANG_WARN_OBJC_IMPLICIT_RETAIN_SELF = YES;
				CLANG_WARN_OBJC_LITERAL_CONVERSION = YES;
				CLANG_WARN_OBJC_ROOT_CLASS = YES_ERROR;
				CLANG_WARN_QUOTED_INCLUDE_IN_FRAMEWORK_HEADER = YES;
				CLANG_WARN_RANGE_LOOP_ANALYSIS = YES;
				CLANG_WARN_STRICT_PROTOTYPES = YES;
				CLANG_WARN_SUSPICIOUS_MOVE = YES;
				CLANG_WARN_UNGUARDED_AVAILABILITY = YES_AGGRESSIVE;
				CLANG_WARN_UNREACHABLE_CODE = YES;
				CLANG_WARN__DUPLICATE_METHOD_MATCH = YES;
				COPY_PHASE_STRIP = NO;
				DEBUG_INFORMATION_FORMAT = dwarf;
				ENABLE_STRICT_OBJC_MSGSEND = YES;
				ENABLE_TESTABILITY = YES;
				GCC_C_LANGUAGE_STANDARD = gnu11;
				GCC_DYNAMIC_NO_PIC = NO;
				GCC_NO_COMMON_BLOCKS = YES;
				GCC_OPTIMIZATION_LEVEL = 0;
				GCC_PREPROCESSOR_DEFINITIONS = (
					"DEBUG=1",
					"$(inherited)",
				);
				GCC_WARN_64_TO_32_BIT_CONVERSION = YES;
				GCC_WARN_ABOUT_RETURN_TYPE = YES_ERROR;
				GCC_WARN_UNDECLARED_SELECTOR = YES;
				GCC_WARN_UNINITIALIZED_AUTOS = YES_AGGRESSIVE;
				GCC_WARN_UNUSED_FUNCTION = YES;
				GCC_WARN_UNUSED_VARIABLE = YES;
				IPHONEOS_DEPLOYMENT_TARGET = 15.2;
				MTL_ENABLE_DEBUG_INFO = INCLUDE_SOURCE;
				MTL_FAST_MATH = YES;
				ONLY_ACTIVE_ARCH = YES;
				SDKROOT = iphoneos;
				SWIFT_ACTIVE_COMPILATION_CONDITIONS = DEBUG;
				SWIFT_OPTIMIZATION_LEVEL = "-Onone";
			};
			name = Debug;
		};
		D3C53D4927BA5397000B6E26 /* Release */ = {
			isa = XCBuildConfiguration;
			buildSettings = {
				ALWAYS_SEARCH_USER_PATHS = NO;
				CLANG_ANALYZER_NONNULL = YES;
				CLANG_ANALYZER_NUMBER_OBJECT_CONVERSION = YES_AGGRESSIVE;
				CLANG_CXX_LANGUAGE_STANDARD = "gnu++17";
				CLANG_CXX_LIBRARY = "libc++";
				CLANG_ENABLE_MODULES = YES;
				CLANG_ENABLE_OBJC_ARC = YES;
				CLANG_ENABLE_OBJC_WEAK = YES;
				CLANG_WARN_BLOCK_CAPTURE_AUTORELEASING = YES;
				CLANG_WARN_BOOL_CONVERSION = YES;
				CLANG_WARN_COMMA = YES;
				CLANG_WARN_CONSTANT_CONVERSION = YES;
				CLANG_WARN_DEPRECATED_OBJC_IMPLEMENTATIONS = YES;
				CLANG_WARN_DIRECT_OBJC_ISA_USAGE = YES_ERROR;
				CLANG_WARN_DOCUMENTATION_COMMENTS = YES;
				CLANG_WARN_EMPTY_BODY = YES;
				CLANG_WARN_ENUM_CONVERSION = YES;
				CLANG_WARN_INFINITE_RECURSION = YES;
				CLANG_WARN_INT_CONVERSION = YES;
				CLANG_WARN_NON_LITERAL_NULL_CONVERSION = YES;
				CLANG_WARN_OBJC_IMPLICIT_RETAIN_SELF = YES;
				CLANG_WARN_OBJC_LITERAL_CONVERSION = YES;
				CLANG_WARN_OBJC_ROOT_CLASS = YES_ERROR;
				CLANG_WARN_QUOTED_INCLUDE_IN_FRAMEWORK_HEADER = YES;
				CLANG_WARN_RANGE_LOOP_ANALYSIS = YES;
				CLANG_WARN_STRICT_PROTOTYPES = YES;
				CLANG_WARN_SUSPICIOUS_MOVE = YES;
				CLANG_WARN_UNGUARDED_AVAILABILITY = YES_AGGRESSIVE;
				CLANG_WARN_UNREACHABLE_CODE = YES;
				CLANG_WARN__DUPLICATE_METHOD_MATCH = YES;
				COPY_PHASE_STRIP = NO;
				DEBUG_INFORMATION_FORMAT = "dwarf-with-dsym";
				ENABLE_NS_ASSERTIONS = NO;
				ENABLE_STRICT_OBJC_MSGSEND = YES;
				GCC_C_LANGUAGE_STANDARD = gnu11;
				GCC_NO_COMMON_BLOCKS = YES;
				GCC_WARN_64_TO_32_BIT_CONVERSION = YES;
				GCC_WARN_ABOUT_RETURN_TYPE = YES_ERROR;
				GCC_WARN_UNDECLARED_SELECTOR = YES;
				GCC_WARN_UNINITIALIZED_AUTOS = YES_AGGRESSIVE;
				GCC_WARN_UNUSED_FUNCTION = YES;
				GCC_WARN_UNUSED_VARIABLE = YES;
				IPHONEOS_DEPLOYMENT_TARGET = 15.2;
				MTL_ENABLE_DEBUG_INFO = NO;
				MTL_FAST_MATH = YES;
				SDKROOT = iphoneos;
				SWIFT_COMPILATION_MODE = wholemodule;
				SWIFT_OPTIMIZATION_LEVEL = "-O";
				VALIDATE_PRODUCT = YES;
			};
			name = Release;
		};
		D3C53D4B27BA5397000B6E26 /* Debug */ = {
			isa = XCBuildConfiguration;
			buildSettings = {
				ASSETCATALOG_COMPILER_APPICON_NAME = AppIcon;
				ASSETCATALOG_COMPILER_GLOBAL_ACCENT_COLOR_NAME = AccentColor;
				CODE_SIGN_STYLE = Automatic;
				CURRENT_PROJECT_VERSION = 1;
				DEVELOPMENT_TEAM = 7UX23FZ642;
				GENERATE_INFOPLIST_FILE = YES;
				INFOPLIST_FILE = ToDoList/Resources/Info.plist;
				INFOPLIST_KEY_UIApplicationSupportsIndirectInputEvents = YES;
				INFOPLIST_KEY_UILaunchStoryboardName = LaunchScreen;
				INFOPLIST_KEY_UIMainStoryboardFile = Main;
				INFOPLIST_KEY_UISupportedInterfaceOrientations_iPad = "UIInterfaceOrientationPortrait UIInterfaceOrientationPortraitUpsideDown UIInterfaceOrientationLandscapeLeft UIInterfaceOrientationLandscapeRight";
				INFOPLIST_KEY_UISupportedInterfaceOrientations_iPhone = "UIInterfaceOrientationPortrait UIInterfaceOrientationLandscapeLeft UIInterfaceOrientationLandscapeRight";
				LD_RUNPATH_SEARCH_PATHS = (
					"$(inherited)",
					"@executable_path/Frameworks",
				);
				MARKETING_VERSION = 1.0;
				PRODUCT_BUNDLE_IDENTIFIER = com.intervale.ToDoList;
				PRODUCT_NAME = "$(TARGET_NAME)";
				SWIFT_EMIT_LOC_STRINGS = YES;
				SWIFT_VERSION = 5.0;
				TARGETED_DEVICE_FAMILY = "1,2";
			};
			name = Debug;
		};
		D3C53D4C27BA5397000B6E26 /* Release */ = {
			isa = XCBuildConfiguration;
			buildSettings = {
				ASSETCATALOG_COMPILER_APPICON_NAME = AppIcon;
				ASSETCATALOG_COMPILER_GLOBAL_ACCENT_COLOR_NAME = AccentColor;
				CODE_SIGN_STYLE = Automatic;
				CURRENT_PROJECT_VERSION = 1;
				DEVELOPMENT_TEAM = 7UX23FZ642;
				GENERATE_INFOPLIST_FILE = YES;
				INFOPLIST_FILE = ToDoList/Resources/Info.plist;
				INFOPLIST_KEY_UIApplicationSupportsIndirectInputEvents = YES;
				INFOPLIST_KEY_UILaunchStoryboardName = LaunchScreen;
				INFOPLIST_KEY_UIMainStoryboardFile = Main;
				INFOPLIST_KEY_UISupportedInterfaceOrientations_iPad = "UIInterfaceOrientationPortrait UIInterfaceOrientationPortraitUpsideDown UIInterfaceOrientationLandscapeLeft UIInterfaceOrientationLandscapeRight";
				INFOPLIST_KEY_UISupportedInterfaceOrientations_iPhone = "UIInterfaceOrientationPortrait UIInterfaceOrientationLandscapeLeft UIInterfaceOrientationLandscapeRight";
				LD_RUNPATH_SEARCH_PATHS = (
					"$(inherited)",
					"@executable_path/Frameworks",
				);
				MARKETING_VERSION = 1.0;
				PRODUCT_BUNDLE_IDENTIFIER = com.intervale.ToDoList;
				PRODUCT_NAME = "$(TARGET_NAME)";
				SWIFT_EMIT_LOC_STRINGS = YES;
				SWIFT_VERSION = 5.0;
				TARGETED_DEVICE_FAMILY = "1,2";
			};
			name = Release;
		};
/* End XCBuildConfiguration section */

/* Begin XCConfigurationList section */
		D3C53D3127BA5396000B6E26 /* Build configuration list for PBXProject "ToDoList" */ = {
			isa = XCConfigurationList;
			buildConfigurations = (
				D3C53D4827BA5397000B6E26 /* Debug */,
				D3C53D4927BA5397000B6E26 /* Release */,
			);
			defaultConfigurationIsVisible = 0;
			defaultConfigurationName = Release;
		};
		D3C53D4A27BA5397000B6E26 /* Build configuration list for PBXNativeTarget "ToDoList" */ = {
			isa = XCConfigurationList;
			buildConfigurations = (
				D3C53D4B27BA5397000B6E26 /* Debug */,
				D3C53D4C27BA5397000B6E26 /* Release */,
			);
			defaultConfigurationIsVisible = 0;
			defaultConfigurationName = Release;
		};
/* End XCConfigurationList section */
	};
	rootObject = D3C53D2E27BA5396000B6E26 /* Project object */;
}
